
Microsoft Visual Studio Solution File, Format Version 12.00
# Visual Studio Version 16
VisualStudioVersion = 16.0.30907.101
MinimumVisualStudioVersion = 10.0.40219.1
Project("{FAE04EC0-301F-11D3-BF4B-00C04F79EFBC}") = "project8(refresher)", "project8(refresher)\project8(refresher).csproj", "{5F382007-287C-4A4B-BEEB-9DFD663A1EFE}"
EndProject
Global
	GlobalSection(SolutionConfigurationPlatforms) = preSolution
		Debug|Any CPU = Debug|Any CPU
		Release|Any CPU = Release|Any CPU
	EndGlobalSection
	GlobalSection(ProjectConfigurationPlatforms) = postSolution
		{5F382007-287C-4A4B-BEEB-9DFD663A1EFE}.Debug|Any CPU.ActiveCfg = Debug|Any CPU
		{5F382007-287C-4A4B-BEEB-9DFD663A1EFE}.Debug|Any CPU.Build.0 = Debug|Any CPU
		{5F382007-287C-4A4B-BEEB-9DFD663A1EFE}.Release|Any CPU.ActiveCfg = Release|Any CPU
		{5F382007-287C-4A4B-BEEB-9DFD663A1EFE}.Release|Any CPU.Build.0 = Release|Any CPU
	EndGlobalSection
	GlobalSection(SolutionProperties) = preSolution
		HideSolutionNode = FALSE
	EndGlobalSection
	GlobalSection(ExtensibilityGlobals) = postSolution
		SolutionGuid = {0A562ECA-060E-487D-AD19-0BDA74D369D6}
	EndGlobalSection
EndGlobal
